
Microsoft Visual Studio Solution File, Format Version 12.00
# Visual Studio Version 17
VisualStudioVersion = 17.5.33516.290
MinimumVisualStudioVersion = 10.0.40219.1
Project("{FAE04EC0-301F-11D3-BF4B-00C04F79EFBC}") = "Home1", "Home1\Home1.csproj", "{A79F9C7C-15A9-44B5-ACEA-526F33816DB6}"
EndProject
Global
	GlobalSection(SolutionConfigurationPlatforms) = preSolution
		Debug|Any CPU = Debug|Any CPU
		Release|Any CPU = Release|Any CPU
	EndGlobalSection
	GlobalSection(ProjectConfigurationPlatforms) = postSolution
		{A79F9C7C-15A9-44B5-ACEA-526F33816DB6}.Debug|Any CPU.ActiveCfg = Debug|Any CPU
		{A79F9C7C-15A9-44B5-ACEA-526F33816DB6}.Debug|Any CPU.Build.0 = Debug|Any CPU
		{A79F9C7C-15A9-44B5-ACEA-526F33816DB6}.Release|Any CPU.ActiveCfg = Release|Any CPU
		{A79F9C7C-15A9-44B5-ACEA-526F33816DB6}.Release|Any CPU.Build.0 = Release|Any CPU
	EndGlobalSection
	GlobalSection(SolutionProperties) = preSolution
		HideSolutionNode = FALSE
	EndGlobalSection
	GlobalSection(ExtensibilityGlobals) = postSolution
		SolutionGuid = {88B37B23-CCC7-421B-BCCA-40A63BDAED6E}
	EndGlobalSection
EndGlobal
